// !$*UTF8*$!
{
	archiveVersion = 1;
	classes = {
	};
	objectVersion = 46;
	objects = {

/* Begin PBXBuildFile section */
		DCF1F0331F013D9500FA98C9 /* AppDelegate.swift in Sources */ = {isa = PBXBuildFile; fileRef = DCF1F0321F013D9500FA98C9 /* AppDelegate.swift */; };
		DCF1F0351F013D9500FA98C9 /* ViewController.swift in Sources */ = {isa = PBXBuildFile; fileRef = DCF1F0341F013D9500FA98C9 /* ViewController.swift */; };
		DCF1F0381F013D9500FA98C9 /* Main.storyboard in Resources */ = {isa = PBXBuildFile; fileRef = DCF1F0361F013D9500FA98C9 /* Main.storyboard */; };
		DCF1F03A1F013D9500FA98C9 /* Assets.xcassets in Resources */ = {isa = PBXBuildFile; fileRef = DCF1F0391F013D9500FA98C9 /* Assets.xcassets */; };
		DCF1F03D1F013D9500FA98C9 /* LaunchScreen.storyboard in Resources */ = {isa = PBXBuildFile; fileRef = DCF1F03B1F013D9500FA98C9 /* LaunchScreen.storyboard */; };
		DCF1F0451F01B10200FA98C9 /* File.swift in Sources */ = {isa = PBXBuildFile; fileRef = DCF1F0441F01B10200FA98C9 /* File.swift */; };
		DCF1F0471F01BC3000FA98C9 /* SideViewController.swift in Sources */ = {isa = PBXBuildFile; fileRef = DCF1F0461F01BC3000FA98C9 /* SideViewController.swift */; };
/* End PBXBuildFile section */

/* Begin PBXFileReference section */
		DCF1F02F1F013D9500FA98C9 /* PriceCheck1.app */ = {isa = PBXFileReference; explicitFileType = wrapper.application; includeInIndex = 0; path = PriceCheck1.app; sourceTree = BUILT_PRODUCTS_DIR; };
		DCF1F0321F013D9500FA98C9 /* AppDelegate.swift */ = {isa = PBXFileReference; lastKnownFileType = sourcecode.swift; path = AppDelegate.swift; sourceTree = "<group>"; };
		DCF1F0341F013D9500FA98C9 /* ViewController.swift */ = {isa = PBXFileReference; lastKnownFileType = sourcecode.swift; path = ViewController.swift; sourceTree = "<group>"; };
		DCF1F0371F013D9500FA98C9 /* Base */ = {isa = PBXFileReference; lastKnownFileType = file.storyboard; name = Base; path = Base.lproj/Main.storyboard; sourceTree = "<group>"; };
		DCF1F0391F013D9500FA98C9 /* Assets.xcassets */ = {isa = PBXFileReference; lastKnownFileType = folder.assetcatalog; path = Assets.xcassets; sourceTree = "<group>"; };
		DCF1F03C1F013D9500FA98C9 /* Base */ = {isa = PBXFileReference; lastKnownFileType = file.storyboard; name = Base; path = Base.lproj/LaunchScreen.storyboard; sourceTree = "<group>"; };
		DCF1F03E1F013D9500FA98C9 /* Info.plist */ = {isa = PBXFileReference; lastKnownFileType = text.plist.xml; path = Info.plist; sourceTree = "<group>"; };
		DCF1F0441F01B10200FA98C9 /* File.swift */ = {isa = PBXFileReference; fileEncoding = 4; lastKnownFileType = sourcecode.swift; path = File.swift; sourceTree = "<group>"; };
		DCF1F0461F01BC3000FA98C9 /* SideViewController.swift */ = {isa = PBXFileReference; fileEncoding = 4; lastKnownFileType = sourcecode.swift; path = SideViewController.swift; sourceTree = "<group>"; };
/* End PBXFileReference section */

/* Begin PBXFrameworksBuildPhase section */
		DCF1F02C1F013D9500FA98C9 /* Frameworks */ = {
			isa = PBXFrameworksBuildPhase;
			buildActionMask = 2147483647;
			files = (
			);
			runOnlyForDeploymentPostprocessing = 0;
		};
/* End PBXFrameworksBuildPhase section */

/* Begin PBXGroup section */
		DCF1F0261F013D9500FA98C9 = {
			isa = PBXGroup;
			children = (
				DCF1F0311F013D9500FA98C9 /* PriceCheck1 */,
				DCF1F0301F013D9500FA98C9 /* Products */,
			);
			sourceTree = "<group>";
		};
		DCF1F0301F013D9500FA98C9 /* Products */ = {
			isa = PBXGroup;
			children = (
				DCF1F02F1F013D9500FA98C9 /* PriceCheck1.app */,
			);
			name = Products;
			sourceTree = "<group>";
		};
		DCF1F0311F013D9500FA98C9 /* PriceCheck1 */ = {
			isa = PBXGroup;
			children = (
				DCF1F0321F013D9500FA98C9 /* AppDelegate.swift */,
				DCF1F0341F013D9500FA98C9 /* ViewController.swift */,
				DCF1F0361F013D9500FA98C9 /* Main.storyboard */,
				DCF1F0461F01BC3000FA98C9 /* SideViewController.swift */,
				DCF1F0391F013D9500FA98C9 /* Assets.xcassets */,
				DCF1F03B1F013D9500FA98C9 /* LaunchScreen.storyboard */,
				DCF1F03E1F013D9500FA98C9 /* Info.plist */,
				DCF1F0441F01B10200FA98C9 /* File.swift */,
			);
			path = PriceCheck1;
			sourceTree = "<group>";
		};
/* End PBXGroup section */

/* Begin PBXNativeTarget section */
		DCF1F02E1F013D9500FA98C9 /* PriceCheck1 */ = {
			isa = PBXNativeTarget;
			buildConfigurationList = DCF1F0411F013D9500FA98C9 /* Build configuration list for PBXNativeTarget "PriceCheck1" */;
			buildPhases = (
				DCF1F02B1F013D9500FA98C9 /* Sources */,
				DCF1F02C1F013D9500FA98C9 /* Frameworks */,
				DCF1F02D1F013D9500FA98C9 /* Resources */,
			);
			buildRules = (
			);
			dependencies = (
			);
			name = PriceCheck1;
			productName = PriceCheck1;
			productReference = DCF1F02F1F013D9500FA98C9 /* PriceCheck1.app */;
			productType = "com.apple.product-type.application";
		};
/* End PBXNativeTarget section */

/* Begin PBXProject section */
		DCF1F0271F013D9500FA98C9 /* Project object */ = {
			isa = PBXProject;
			attributes = {
				LastSwiftUpdateCheck = 0830;
				LastUpgradeCheck = 0830;
				ORGANIZATIONNAME = loverend;
				TargetAttributes = {
					DCF1F02E1F013D9500FA98C9 = {
						CreatedOnToolsVersion = 8.3.2;
						DevelopmentTeam = JZ2AEZ4H8B;
						ProvisioningStyle = Automatic;
					};
				};
			};
			buildConfigurationList = DCF1F02A1F013D9500FA98C9 /* Build configuration list for PBXProject "PriceCheck1" */;
			compatibilityVersion = "Xcode 3.2";
			developmentRegion = English;
			hasScannedForEncodings = 0;
			knownRegions = (
				en,
				Base,
			);
			mainGroup = DCF1F0261F013D9500FA98C9;
			productRefGroup = DCF1F0301F013D9500FA98C9 /* Products */;
			projectDirPath = "";
			projectRoot = "";
			targets = (
				DCF1F02E1F013D9500FA98C9 /* PriceCheck1 */,
			);
		};
/* End PBXProject section */

/* Begin PBXResourcesBuildPhase section */
		DCF1F02D1F013D9500FA98C9 /* Resources */ = {
			isa = PBXResourcesBuildPhase;
			buildActionMask = 2147483647;
			files = (
				DCF1F03D1F013D9500FA98C9 /* LaunchScreen.storyboard in Resources */,
				DCF1F03A1F013D9500FA98C9 /* Assets.xcassets in Resources */,
				DCF1F0381F013D9500FA98C9 /* Main.storyboard in Resources */,
			);
			runOnlyForDeploymentPostprocessing = 0;
		};
/* End PBXResourcesBuildPhase section */

/* Begin PBXSourcesBuildPhase section */
		DCF1F02B1F013D9500FA98C9 /* Sources */ = {
			isa = PBXSourcesBuildPhase;
			buildActionMask = 2147483647;
			files = (
				DCF1F0351F013D9500FA98C9 /* ViewController.swift in Sources */,
				DCF1F0451F01B10200FA98C9 /* File.swift in Sources */,
				DCF1F0331F013D9500FA98C9 /* AppDelegate.swift in Sources */,
				DCF1F0471F01BC3000FA98C9 /* SideViewController.swift in Sources */,
			);
			runOnlyForDeploymentPostprocessing = 0;
		};
/* End PBXSourcesBuildPhase section */

/* Begin PBXVariantGroup section */
		DCF1F0361F013D9500FA98C9 /* Main.storyboard */ = {
			isa = PBXVariantGroup;
			children = (
				DCF1F0371F013D9500FA98C9 /* Base */,
			);
			name = Main.storyboard;
			sourceTree = "<group>";
		};
		DCF1F03B1F013D9500FA98C9 /* LaunchScreen.storyboard */ = {
			isa = PBXVariantGroup;
			children = (
				DCF1F03C1F013D9500FA98C9 /* Base */,
			);
			name = LaunchScreen.storyboard;
			sourceTree = "<group>";
		};
/* End PBXVariantGroup section */

/* Begin XCBuildConfiguration section */
		DCF1F03F1F013D9500FA98C9 /* Debug */ = {
			isa = XCBuildConfiguration;
			buildSettings = {
				ALWAYS_SEARCH_USER_PATHS = NO;
				CLANG_ANALYZER_NONNULL = YES;
				CLANG_ANALYZER_NUMBER_OBJECT_CONVERSION = YES_AGGRESSIVE;
				CLANG_CXX_LANGUAGE_STANDARD = "gnu++0x";
				CLANG_CXX_LIBRARY = "libc++";
				CLANG_ENABLE_MODULES = YES;
				CLANG_ENABLE_OBJC_ARC = YES;
				CLANG_WARN_BOOL_CONVERSION = YES;
				CLANG_WARN_CONSTANT_CONVERSION = YES;
				CLANG_WARN_DIRECT_OBJC_ISA_USAGE = YES_ERROR;
				CLANG_WARN_DOCUMENTATION_COMMENTS = YES;
				CLANG_WARN_EMPTY_BODY = YES;
				CLANG_WARN_ENUM_CONVERSION = YES;
				CLANG_WARN_INFINITE_RECURSION = YES;
				CLANG_WARN_INT_CONVERSION = YES;
				CLANG_WARN_OBJC_ROOT_CLASS = YES_ERROR;
				CLANG_WARN_SUSPICIOUS_MOVE = YES;
				CLANG_WARN_UNREACHABLE_CODE = YES;
				CLANG_WARN__DUPLICATE_METHOD_MATCH = YES;
				"CODE_SIGN_IDENTITY[sdk=iphoneos*]" = "iPhone Developer";
				COPY_PHASE_STRIP = NO;
				DEBUG_INFORMATION_FORMAT = dwarf;
				ENABLE_STRICT_OBJC_MSGSEND = YES;
				ENABLE_TESTABILITY = YES;
				GCC_C_LANGUAGE_STANDARD = gnu99;
				GCC_DYNAMIC_NO_PIC = NO;
				GCC_NO_COMMON_BLOCKS = YES;
				GCC_OPTIMIZATION_LEVEL = 0;
				GCC_PREPROCESSOR_DEFINITIONS = (
					"DEBUG=1",
					"$(inherited)",
				);
				GCC_WARN_64_TO_32_BIT_CONVERSION = YES;
				GCC_WARN_ABOUT_RETURN_TYPE = YES_ERROR;
				GCC_WARN_UNDECLARED_SELECTOR = YES;
				GCC_WARN_UNINITIALIZED_AUTOS = YES_AGGRESSIVE;
				GCC_WARN_UNUSED_FUNCTION = YES;
				GCC_WARN_UNUSED_VARIABLE = YES;
				IPHONEOS_DEPLOYMENT_TARGET = 10.3;
				MTL_ENABLE_DEBUG_INFO = YES;
				ONLY_ACTIVE_ARCH = YES;
				SDKROOT = iphoneos;
				SWIFT_ACTIVE_COMPILATION_CONDITIONS = DEBUG;
				SWIFT_OPTIMIZATION_LEVEL = "-Onone";
			};
			name = Debug;
		};
		DCF1F0401F013D9500FA98C9 /* Release */ = {
			isa = XCBuildConfiguration;
			buildSettings = {
				ALWAYS_SEARCH_USER_PATHS = NO;
				CLANG_ANALYZER_NONNULL = YES;
				CLANG_ANALYZER_NUMBER_OBJECT_CONVERSION = YES_AGGRESSIVE;
				CLANG_CXX_LANGUAGE_STANDARD = "gnu++0x";
				CLANG_CXX_LIBRARY = "libc++";
				CLANG_ENABLE_MODULES = YES;
				CLANG_ENABLE_OBJC_ARC = YES;
				CLANG_WARN_BOOL_CONVERSION = YES;
				CLANG_WARN_CONSTANT_CONVERSION = YES;
				CLANG_WARN_DIRECT_OBJC_ISA_USAGE = YES_ERROR;
				CLANG_WARN_DOCUMENTATION_COMMENTS = YES;
				CLANG_WARN_EMPTY_BODY = YES;
				CLANG_WARN_ENUM_CONVERSION = YES;
				CLANG_WARN_INFINITE_RECURSION = YES;
				CLANG_WARN_INT_CONVERSION = YES;
				CLANG_WARN_OBJC_ROOT_CLASS = YES_ERROR;
				CLANG_WARN_SUSPICIOUS_MOVE = YES;
				CLANG_WARN_UNREACHABLE_CODE = YES;
				CLANG_WARN__DUPLICATE_METHOD_MATCH = YES;
				"CODE_SIGN_IDENTITY[sdk=iphoneos*]" = "iPhone Developer";
				COPY_PHASE_STRIP = NO;
				DEBUG_INFORMATION_FORMAT = "dwarf-with-dsym";
				ENABLE_NS_ASSERTIONS = NO;
				ENABLE_STRICT_OBJC_MSGSEND = YES;
				GCC_C_LANGUAGE_STANDARD = gnu99;
				GCC_NO_COMMON_BLOCKS = YES;
				GCC_WARN_64_TO_32_BIT_CONVERSION = YES;
				GCC_WARN_ABOUT_RETURN_TYPE = YES_ERROR;
				GCC_WARN_UNDECLARED_SELECTOR = YES;
				GCC_WARN_UNINITIALIZED_AUTOS = YES_AGGRESSIVE;
				GCC_WARN_UNUSED_FUNCTION = YES;
				GCC_WARN_UNUSED_VARIABLE = YES;
				IPHONEOS_DEPLOYMENT_TARGET = 10.3;
				MTL_ENABLE_DEBUG_INFO = NO;
				SDKROOT = iphoneos;
				SWIFT_OPTIMIZATION_LEVEL = "-Owholemodule";
				VALIDATE_PRODUCT = YES;
			};
			name = Release;
		};
		DCF1F0421F013D9500FA98C9 /* Debug */ = {
			isa = XCBuildConfiguration;
			buildSettings = {
				ASSETCATALOG_COMPILER_APPICON_NAME = AppIcon;
				DEVELOPMENT_TEAM = JZ2AEZ4H8B;
				INFOPLIST_FILE = PriceCheck1/Info.plist;
				IPHONEOS_DEPLOYMENT_TARGET = 10.0.1;
				LD_RUNPATH_SEARCH_PATHS = "$(inherited) @executable_path/Frameworks";
				PRODUCT_BUNDLE_IDENTIFIER = loverend.PriceCheck1;
				PRODUCT_NAME = "$(TARGET_NAME)";
				SWIFT_VERSION = 3.0;
			};
			name = Debug;
		};
		DCF1F0431F013D9500FA98C9 /* Release */ = {
			isa = XCBuildConfiguration;
			buildSettings = {
				ASSETCATALOG_COMPILER_APPICON_NAME = AppIcon;
				DEVELOPMENT_TEAM = JZ2AEZ4H8B;
				INFOPLIST_FILE = PriceCheck1/Info.plist;
				IPHONEOS_DEPLOYMENT_TARGET = 10.0.1;
				LD_RUNPATH_SEARCH_PATHS = "$(inherited) @executable_path/Frameworks";
				PRODUCT_BUNDLE_IDENTIFIER = loverend.PriceCheck1;
				PRODUCT_NAME = "$(TARGET_NAME)";
				SWIFT_VERSION = 3.0;
			};
			name = Release;
		};
/* End XCBuildConfiguration section */

/* Begin XCConfigurationList section */
		DCF1F02A1F013D9500FA98C9 /* Build configuration list for PBXProject "PriceCheck1" */ = {
			isa = XCConfigurationList;
			buildConfigurations = (
				DCF1F03F1F013D9500FA98C9 /* Debug */,
				DCF1F0401F013D9500FA98C9 /* Release */,
			);
			defaultConfigurationIsVisible = 0;
			defaultConfigurationName = Release;
		};
		DCF1F0411F013D9500FA98C9 /* Build configuration list for PBXNativeTarget "PriceCheck1" */ = {
			isa = XCConfigurationList;
			buildConfigurations = (
				DCF1F0421F013D9500FA98C9 /* Debug */,
				DCF1F0431F013D9500FA98C9 /* Release */,
			);
			defaultConfigurationIsVisible = 0;
		};
/* End XCConfigurationList section */
	};
	rootObject = DCF1F0271F013D9500FA98C9 /* Project object */;
}
